
Microsoft Visual Studio Solution File, Format Version 12.00
Project("{FAE04EC0-301F-11D3-BF4B-00C04F79EFBC}") = "day1-problem1", "day1-problem1\day1-problem1.csproj", "{3790DA16-BB4D-4558-851A-0F76270819F0}"
EndProject
Project("{FAE04EC0-301F-11D3-BF4B-00C04F79EFBC}") = "day2", "day2\day2.csproj", "{26607E0D-1382-45E4-AFD2-E318DF68D918}"
EndProject
Project("{FAE04EC0-301F-11D3-BF4B-00C04F79EFBC}") = "Day3", "Day3\Day3.csproj", "{049E81CE-3882-4977-8BF3-CD869756AB44}"
EndProject
Project("{FAE04EC0-301F-11D3-BF4B-00C04F79EFBC}") = "Day4", "Day4\Day4.csproj", "{6B015585-7FE5-4C0C-A58F-1294D626175F}"
EndProject
Project("{FAE04EC0-301F-11D3-BF4B-00C04F79EFBC}") = "Day5", "Day5\Day5.csproj", "{5BFBC159-23A7-4494-B85E-36F67C9C1AED}"
EndProject
Project("{FAE04EC0-301F-11D3-BF4B-00C04F79EFBC}") = "Day6", "Day6\Day6.csproj", "{B4E8E811-8DC7-4E9F-99C7-9ADC0925CC5B}"
EndProject
Project("{FAE04EC0-301F-11D3-BF4B-00C04F79EFBC}") = "Day7", "Day7\Day7.csproj", "{F0BFC149-FAB7-46D4-BFF8-C5C3B0D1482F}"
EndProject
Project("{FAE04EC0-301F-11D3-BF4B-00C04F79EFBC}") = "Day8", "Day8\Day8.csproj", "{EDB11188-A7DF-45B1-8D0D-819E19A7B200}"
EndProject
Project("{FAE04EC0-301F-11D3-BF4B-00C04F79EFBC}") = "Common", "Common\Common.csproj", "{C606E012-2471-4827-B3F7-6A90CF729B42}"
EndProject
Project("{FAE04EC0-301F-11D3-BF4B-00C04F79EFBC}") = "Day9", "Day9\Day9.csproj", "{9A8DE7AA-4450-4031-B0FD-0368E253392C}"
EndProject
Global
	GlobalSection(SolutionConfigurationPlatforms) = preSolution
		Debug|Any CPU = Debug|Any CPU
		Release|Any CPU = Release|Any CPU
	EndGlobalSection
	GlobalSection(ProjectConfigurationPlatforms) = postSolution
		{3790DA16-BB4D-4558-851A-0F76270819F0}.Debug|Any CPU.ActiveCfg = Debug|Any CPU
		{3790DA16-BB4D-4558-851A-0F76270819F0}.Debug|Any CPU.Build.0 = Debug|Any CPU
		{3790DA16-BB4D-4558-851A-0F76270819F0}.Release|Any CPU.ActiveCfg = Release|Any CPU
		{3790DA16-BB4D-4558-851A-0F76270819F0}.Release|Any CPU.Build.0 = Release|Any CPU
		{26607E0D-1382-45E4-AFD2-E318DF68D918}.Debug|Any CPU.ActiveCfg = Debug|Any CPU
		{26607E0D-1382-45E4-AFD2-E318DF68D918}.Debug|Any CPU.Build.0 = Debug|Any CPU
		{26607E0D-1382-45E4-AFD2-E318DF68D918}.Release|Any CPU.ActiveCfg = Release|Any CPU
		{26607E0D-1382-45E4-AFD2-E318DF68D918}.Release|Any CPU.Build.0 = Release|Any CPU
		{049E81CE-3882-4977-8BF3-CD869756AB44}.Debug|Any CPU.ActiveCfg = Debug|Any CPU
		{049E81CE-3882-4977-8BF3-CD869756AB44}.Debug|Any CPU.Build.0 = Debug|Any CPU
		{049E81CE-3882-4977-8BF3-CD869756AB44}.Release|Any CPU.ActiveCfg = Release|Any CPU
		{049E81CE-3882-4977-8BF3-CD869756AB44}.Release|Any CPU.Build.0 = Release|Any CPU
		{6B015585-7FE5-4C0C-A58F-1294D626175F}.Debug|Any CPU.ActiveCfg = Debug|Any CPU
		{6B015585-7FE5-4C0C-A58F-1294D626175F}.Debug|Any CPU.Build.0 = Debug|Any CPU
		{6B015585-7FE5-4C0C-A58F-1294D626175F}.Release|Any CPU.ActiveCfg = Release|Any CPU
		{6B015585-7FE5-4C0C-A58F-1294D626175F}.Release|Any CPU.Build.0 = Release|Any CPU
		{5BFBC159-23A7-4494-B85E-36F67C9C1AED}.Debug|Any CPU.ActiveCfg = Debug|Any CPU
		{5BFBC159-23A7-4494-B85E-36F67C9C1AED}.Debug|Any CPU.Build.0 = Debug|Any CPU
		{5BFBC159-23A7-4494-B85E-36F67C9C1AED}.Release|Any CPU.ActiveCfg = Release|Any CPU
		{5BFBC159-23A7-4494-B85E-36F67C9C1AED}.Release|Any CPU.Build.0 = Release|Any CPU
		{B4E8E811-8DC7-4E9F-99C7-9ADC0925CC5B}.Debug|Any CPU.ActiveCfg = Debug|Any CPU
		{B4E8E811-8DC7-4E9F-99C7-9ADC0925CC5B}.Debug|Any CPU.Build.0 = Debug|Any CPU
		{B4E8E811-8DC7-4E9F-99C7-9ADC0925CC5B}.Release|Any CPU.ActiveCfg = Release|Any CPU
		{B4E8E811-8DC7-4E9F-99C7-9ADC0925CC5B}.Release|Any CPU.Build.0 = Release|Any CPU
		{F0BFC149-FAB7-46D4-BFF8-C5C3B0D1482F}.Debug|Any CPU.ActiveCfg = Debug|Any CPU
		{F0BFC149-FAB7-46D4-BFF8-C5C3B0D1482F}.Debug|Any CPU.Build.0 = Debug|Any CPU
		{F0BFC149-FAB7-46D4-BFF8-C5C3B0D1482F}.Release|Any CPU.ActiveCfg = Release|Any CPU
		{F0BFC149-FAB7-46D4-BFF8-C5C3B0D1482F}.Release|Any CPU.Build.0 = Release|Any CPU
		{EDB11188-A7DF-45B1-8D0D-819E19A7B200}.Debug|Any CPU.ActiveCfg = Debug|Any CPU
		{EDB11188-A7DF-45B1-8D0D-819E19A7B200}.Debug|Any CPU.Build.0 = Debug|Any CPU
		{EDB11188-A7DF-45B1-8D0D-819E19A7B200}.Release|Any CPU.ActiveCfg = Release|Any CPU
		{EDB11188-A7DF-45B1-8D0D-819E19A7B200}.Release|Any CPU.Build.0 = Release|Any CPU
		{C606E012-2471-4827-B3F7-6A90CF729B42}.Debug|Any CPU.ActiveCfg = Debug|Any CPU
		{C606E012-2471-4827-B3F7-6A90CF729B42}.Debug|Any CPU.Build.0 = Debug|Any CPU
		{C606E012-2471-4827-B3F7-6A90CF729B42}.Release|Any CPU.ActiveCfg = Release|Any CPU
		{C606E012-2471-4827-B3F7-6A90CF729B42}.Release|Any CPU.Build.0 = Release|Any CPU
		{9A8DE7AA-4450-4031-B0FD-0368E253392C}.Debug|Any CPU.ActiveCfg = Debug|Any CPU
		{9A8DE7AA-4450-4031-B0FD-0368E253392C}.Debug|Any CPU.Build.0 = Debug|Any CPU
		{9A8DE7AA-4450-4031-B0FD-0368E253392C}.Release|Any CPU.ActiveCfg = Release|Any CPU
		{9A8DE7AA-4450-4031-B0FD-0368E253392C}.Release|Any CPU.Build.0 = Release|Any CPU
	EndGlobalSection
EndGlobal
